
Microsoft Visual Studio Solution File, Format Version 12.00
# Visual Studio 15
VisualStudioVersion = 15.0.27130.2010
MinimumVisualStudioVersion = 10.0.40219.1
Project("{9A19103F-16F7-4668-BE54-9A1E7A4F7556}") = "BodgeryApi", "BodgeryApi\BodgeryApi.csproj", "{1719BA6F-B512-452C-ACA7-77DE5E0CE174}"
EndProject
Project("{FAE04EC0-301F-11D3-BF4B-00C04F79EFBC}") = "Bodgery.Repositories", "Bodgery.Repositories\Bodgery.Repositories.csproj", "{AE92FBE1-C98E-4A92-870E-3F4B3D656096}"
EndProject
Project("{FAE04EC0-301F-11D3-BF4B-00C04F79EFBC}") = "Bodgery.Entities", "Bodgery.Entities\Bodgery.Entities.csproj", "{77DA60AD-4DC8-447F-8483-8F6EF03DD53C}"
EndProject
Global
	GlobalSection(SolutionConfigurationPlatforms) = preSolution
		Debug|Any CPU = Debug|Any CPU
		Release|Any CPU = Release|Any CPU
	EndGlobalSection
	GlobalSection(ProjectConfigurationPlatforms) = postSolution
		{1719BA6F-B512-452C-ACA7-77DE5E0CE174}.Debug|Any CPU.ActiveCfg = Debug|Any CPU
		{1719BA6F-B512-452C-ACA7-77DE5E0CE174}.Debug|Any CPU.Build.0 = Debug|Any CPU
		{1719BA6F-B512-452C-ACA7-77DE5E0CE174}.Release|Any CPU.ActiveCfg = Release|Any CPU
		{1719BA6F-B512-452C-ACA7-77DE5E0CE174}.Release|Any CPU.Build.0 = Release|Any CPU
		{AE92FBE1-C98E-4A92-870E-3F4B3D656096}.Debug|Any CPU.ActiveCfg = Debug|Any CPU
		{AE92FBE1-C98E-4A92-870E-3F4B3D656096}.Debug|Any CPU.Build.0 = Debug|Any CPU
		{AE92FBE1-C98E-4A92-870E-3F4B3D656096}.Release|Any CPU.ActiveCfg = Release|Any CPU
		{AE92FBE1-C98E-4A92-870E-3F4B3D656096}.Release|Any CPU.Build.0 = Release|Any CPU
		{77DA60AD-4DC8-447F-8483-8F6EF03DD53C}.Debug|Any CPU.ActiveCfg = Debug|Any CPU
		{77DA60AD-4DC8-447F-8483-8F6EF03DD53C}.Debug|Any CPU.Build.0 = Debug|Any CPU
		{77DA60AD-4DC8-447F-8483-8F6EF03DD53C}.Release|Any CPU.ActiveCfg = Release|Any CPU
		{77DA60AD-4DC8-447F-8483-8F6EF03DD53C}.Release|Any CPU.Build.0 = Release|Any CPU
	EndGlobalSection
	GlobalSection(SolutionProperties) = preSolution
		HideSolutionNode = FALSE
	EndGlobalSection
	GlobalSection(ExtensibilityGlobals) = postSolution
		SolutionGuid = {62434ACC-866E-4BFE-829C-18DF5A89D345}
	EndGlobalSection
EndGlobal
